
Microsoft Visual Studio Solution File, Format Version 12.00
# Visual Studio Version 17
VisualStudioVersion = 17.3.32922.545
MinimumVisualStudioVersion = 10.0.40219.1
Project("{FAE04EC0-301F-11D3-BF4B-00C04F79EFBC}") = "CSharp_laba5.1", "CSharp_laba5.1\CSharp_laba5.1.csproj", "{3E028C4E-6578-4583-B384-5ACDFFCD4328}"
EndProject
Global
	GlobalSection(SolutionConfigurationPlatforms) = preSolution
		Debug|Any CPU = Debug|Any CPU
		Release|Any CPU = Release|Any CPU
	EndGlobalSection
	GlobalSection(ProjectConfigurationPlatforms) = postSolution
		{3E028C4E-6578-4583-B384-5ACDFFCD4328}.Debug|Any CPU.ActiveCfg = Debug|Any CPU
		{3E028C4E-6578-4583-B384-5ACDFFCD4328}.Debug|Any CPU.Build.0 = Debug|Any CPU
		{3E028C4E-6578-4583-B384-5ACDFFCD4328}.Release|Any CPU.ActiveCfg = Release|Any CPU
		{3E028C4E-6578-4583-B384-5ACDFFCD4328}.Release|Any CPU.Build.0 = Release|Any CPU
	EndGlobalSection
	GlobalSection(SolutionProperties) = preSolution
		HideSolutionNode = FALSE
	EndGlobalSection
	GlobalSection(ExtensibilityGlobals) = postSolution
		SolutionGuid = {081652A6-E99C-4854-B0DB-EEB1F80E5377}
	EndGlobalSection
EndGlobal
